// !$*UTF8*$!
{
	archiveVersion = 1;
	classes = {
	};
	objectVersion = 46;
	objects = {

/* Begin PBXBuildFile section */
		D2B0E06E1CBC967900C6DC5B /* AppDelegate.swift in Sources */ = {isa = PBXBuildFile; fileRef = D2B0E06D1CBC967900C6DC5B /* AppDelegate.swift */; };
		D2B0E0701CBC967900C6DC5B /* ViewController.swift in Sources */ = {isa = PBXBuildFile; fileRef = D2B0E06F1CBC967900C6DC5B /* ViewController.swift */; };
		D2B0E0731CBC967900C6DC5B /* Main.storyboard in Resources */ = {isa = PBXBuildFile; fileRef = D2B0E0711CBC967900C6DC5B /* Main.storyboard */; };
		D2B0E0751CBC967900C6DC5B /* Assets.xcassets in Resources */ = {isa = PBXBuildFile; fileRef = D2B0E0741CBC967900C6DC5B /* Assets.xcassets */; };
		D2B0E0781CBC967900C6DC5B /* LaunchScreen.storyboard in Resources */ = {isa = PBXBuildFile; fileRef = D2B0E0761CBC967900C6DC5B /* LaunchScreen.storyboard */; };
		D2B0E0831CBC970900C6DC5B /* Person.m in Sources */ = {isa = PBXBuildFile; fileRef = D2B0E0821CBC970900C6DC5B /* Person.m */; };
		D2B0E0851CBCC32700C6DC5B /* Student.swift in Sources */ = {isa = PBXBuildFile; fileRef = D2B0E0841CBCC32700C6DC5B /* Student.swift */; };
		D2B0E0871CBCCCE600C6DC5B /* Human.swift in Sources */ = {isa = PBXBuildFile; fileRef = D2B0E0861CBCCCE600C6DC5B /* Human.swift */; };
		D2B0E0891CBCF16900C6DC5B /* WHTabBarView.swift in Sources */ = {isa = PBXBuildFile; fileRef = D2B0E0881CBCF16900C6DC5B /* WHTabBarView.swift */; };
/* End PBXBuildFile section */

/* Begin PBXFileReference section */
		D2B0E06A1CBC967900C6DC5B /* Swift大测试6.app */ = {isa = PBXFileReference; explicitFileType = wrapper.application; includeInIndex = 0; path = "Swift大测试6.app"; sourceTree = BUILT_PRODUCTS_DIR; };
		D2B0E06D1CBC967900C6DC5B /* AppDelegate.swift */ = {isa = PBXFileReference; lastKnownFileType = sourcecode.swift; path = AppDelegate.swift; sourceTree = "<group>"; };
		D2B0E06F1CBC967900C6DC5B /* ViewController.swift */ = {isa = PBXFileReference; lastKnownFileType = sourcecode.swift; path = ViewController.swift; sourceTree = "<group>"; };
		D2B0E0721CBC967900C6DC5B /* Base */ = {isa = PBXFileReference; lastKnownFileType = file.storyboard; name = Base; path = Base.lproj/Main.storyboard; sourceTree = "<group>"; };
		D2B0E0741CBC967900C6DC5B /* Assets.xcassets */ = {isa = PBXFileReference; lastKnownFileType = folder.assetcatalog; path = Assets.xcassets; sourceTree = "<group>"; };
		D2B0E0771CBC967900C6DC5B /* Base */ = {isa = PBXFileReference; lastKnownFileType = file.storyboard; name = Base; path = Base.lproj/LaunchScreen.storyboard; sourceTree = "<group>"; };
		D2B0E0791CBC967900C6DC5B /* Info.plist */ = {isa = PBXFileReference; lastKnownFileType = text.plist.xml; path = Info.plist; sourceTree = "<group>"; };
		D2B0E07F1CBC96EB00C6DC5B /* PrefixHeader.pch */ = {isa = PBXFileReference; lastKnownFileType = sourcecode.c.h; path = PrefixHeader.pch; sourceTree = "<group>"; };
		D2B0E0801CBC970900C6DC5B /* Swift大测试6-Bridging-Header.h */ = {isa = PBXFileReference; lastKnownFileType = sourcecode.c.h; path = "Swift大测试6-Bridging-Header.h"; sourceTree = "<group>"; };
		D2B0E0811CBC970900C6DC5B /* Person.h */ = {isa = PBXFileReference; fileEncoding = 4; lastKnownFileType = sourcecode.c.h; path = Person.h; sourceTree = "<group>"; };
		D2B0E0821CBC970900C6DC5B /* Person.m */ = {isa = PBXFileReference; fileEncoding = 4; lastKnownFileType = sourcecode.c.objc; path = Person.m; sourceTree = "<group>"; };
		D2B0E0841CBCC32700C6DC5B /* Student.swift */ = {isa = PBXFileReference; fileEncoding = 4; lastKnownFileType = sourcecode.swift; path = Student.swift; sourceTree = "<group>"; };
		D2B0E0861CBCCCE600C6DC5B /* Human.swift */ = {isa = PBXFileReference; fileEncoding = 4; lastKnownFileType = sourcecode.swift; path = Human.swift; sourceTree = "<group>"; };
		D2B0E0881CBCF16900C6DC5B /* WHTabBarView.swift */ = {isa = PBXFileReference; fileEncoding = 4; lastKnownFileType = sourcecode.swift; path = WHTabBarView.swift; sourceTree = "<group>"; };
/* End PBXFileReference section */

/* Begin PBXFrameworksBuildPhase section */
		D2B0E0671CBC967900C6DC5B /* Frameworks */ = {
			isa = PBXFrameworksBuildPhase;
			buildActionMask = 2147483647;
			files = (
			);
			runOnlyForDeploymentPostprocessing = 0;
		};
/* End PBXFrameworksBuildPhase section */

/* Begin PBXGroup section */
		D2B0E0611CBC967900C6DC5B = {
			isa = PBXGroup;
			children = (
				D2B0E06C1CBC967900C6DC5B /* Swift大测试6 */,
				D2B0E06B1CBC967900C6DC5B /* Products */,
			);
			sourceTree = "<group>";
		};
		D2B0E06B1CBC967900C6DC5B /* Products */ = {
			isa = PBXGroup;
			children = (
				D2B0E06A1CBC967900C6DC5B /* Swift大测试6.app */,
			);
			name = Products;
			sourceTree = "<group>";
		};
		D2B0E06C1CBC967900C6DC5B /* Swift大测试6 */ = {
			isa = PBXGroup;
			children = (
				D2B0E06D1CBC967900C6DC5B /* AppDelegate.swift */,
				D2B0E0811CBC970900C6DC5B /* Person.h */,
				D2B0E0821CBC970900C6DC5B /* Person.m */,
				D2B0E07F1CBC96EB00C6DC5B /* PrefixHeader.pch */,
				D2B0E06F1CBC967900C6DC5B /* ViewController.swift */,
				D2B0E0881CBCF16900C6DC5B /* WHTabBarView.swift */,
				D2B0E0861CBCCCE600C6DC5B /* Human.swift */,
				D2B0E0841CBCC32700C6DC5B /* Student.swift */,
				D2B0E0711CBC967900C6DC5B /* Main.storyboard */,
				D2B0E0741CBC967900C6DC5B /* Assets.xcassets */,
				D2B0E0761CBC967900C6DC5B /* LaunchScreen.storyboard */,
				D2B0E0791CBC967900C6DC5B /* Info.plist */,
				D2B0E0801CBC970900C6DC5B /* Swift大测试6-Bridging-Header.h */,
			);
			path = "Swift大测试6";
			sourceTree = "<group>";
		};
/* End PBXGroup section */

/* Begin PBXNativeTarget section */
		D2B0E0691CBC967900C6DC5B /* Swift大测试6 */ = {
			isa = PBXNativeTarget;
			buildConfigurationList = D2B0E07C1CBC967900C6DC5B /* Build configuration list for PBXNativeTarget "Swift大测试6" */;
			buildPhases = (
				D2B0E0661CBC967900C6DC5B /* Sources */,
				D2B0E0671CBC967900C6DC5B /* Frameworks */,
				D2B0E0681CBC967900C6DC5B /* Resources */,
			);
			buildRules = (
			);
			dependencies = (
			);
			name = "Swift大测试6";
			productName = "Swift大测试6";
			productReference = D2B0E06A1CBC967900C6DC5B /* Swift大测试6.app */;
			productType = "com.apple.product-type.application";
		};
/* End PBXNativeTarget section */

/* Begin PBXProject section */
		D2B0E0621CBC967900C6DC5B /* Project object */ = {
			isa = PBXProject;
			attributes = {
				LastSwiftUpdateCheck = 0730;
				LastUpgradeCheck = 0730;
				ORGANIZATIONNAME = cc;
				TargetAttributes = {
					D2B0E0691CBC967900C6DC5B = {
						CreatedOnToolsVersion = 7.3;
					};
				};
			};
			buildConfigurationList = D2B0E0651CBC967900C6DC5B /* Build configuration list for PBXProject "Swift大测试6" */;
			compatibilityVersion = "Xcode 3.2";
			developmentRegion = English;
			hasScannedForEncodings = 0;
			knownRegions = (
				en,
				Base,
			);
			mainGroup = D2B0E0611CBC967900C6DC5B;
			productRefGroup = D2B0E06B1CBC967900C6DC5B /* Products */;
			projectDirPath = "";
			projectRoot = "";
			targets = (
				D2B0E0691CBC967900C6DC5B /* Swift大测试6 */,
			);
		};
/* End PBXProject section */

/* Begin PBXResourcesBuildPhase section */
		D2B0E0681CBC967900C6DC5B /* Resources */ = {
			isa = PBXResourcesBuildPhase;
			buildActionMask = 2147483647;
			files = (
				D2B0E0781CBC967900C6DC5B /* LaunchScreen.storyboard in Resources */,
				D2B0E0751CBC967900C6DC5B /* Assets.xcassets in Resources */,
				D2B0E0731CBC967900C6DC5B /* Main.storyboard in Resources */,
			);
			runOnlyForDeploymentPostprocessing = 0;
		};
/* End PBXResourcesBuildPhase section */

/* Begin PBXSourcesBuildPhase section */
		D2B0E0661CBC967900C6DC5B /* Sources */ = {
			isa = PBXSourcesBuildPhase;
			buildActionMask = 2147483647;
			files = (
				D2B0E0831CBC970900C6DC5B /* Person.m in Sources */,
				D2B0E0701CBC967900C6DC5B /* ViewController.swift in Sources */,
				D2B0E0871CBCCCE600C6DC5B /* Human.swift in Sources */,
				D2B0E06E1CBC967900C6DC5B /* AppDelegate.swift in Sources */,
				D2B0E0851CBCC32700C6DC5B /* Student.swift in Sources */,
				D2B0E0891CBCF16900C6DC5B /* WHTabBarView.swift in Sources */,
			);
			runOnlyForDeploymentPostprocessing = 0;
		};
/* End PBXSourcesBuildPhase section */

/* Begin PBXVariantGroup section */
		D2B0E0711CBC967900C6DC5B /* Main.storyboard */ = {
			isa = PBXVariantGroup;
			children = (
				D2B0E0721CBC967900C6DC5B /* Base */,
			);
			name = Main.storyboard;
			sourceTree = "<group>";
		};
		D2B0E0761CBC967900C6DC5B /* LaunchScreen.storyboard */ = {
			isa = PBXVariantGroup;
			children = (
				D2B0E0771CBC967900C6DC5B /* Base */,
			);
			name = LaunchScreen.storyboard;
			sourceTree = "<group>";
		};
/* End PBXVariantGroup section */

/* Begin XCBuildConfiguration section */
		D2B0E07A1CBC967900C6DC5B /* Debug */ = {
			isa = XCBuildConfiguration;
			buildSettings = {
				ALWAYS_SEARCH_USER_PATHS = NO;
				CLANG_ANALYZER_NONNULL = YES;
				CLANG_CXX_LANGUAGE_STANDARD = "gnu++0x";
				CLANG_CXX_LIBRARY = "libc++";
				CLANG_ENABLE_MODULES = YES;
				CLANG_ENABLE_OBJC_ARC = YES;
				CLANG_WARN_BOOL_CONVERSION = YES;
				CLANG_WARN_CONSTANT_CONVERSION = YES;
				CLANG_WARN_DIRECT_OBJC_ISA_USAGE = YES_ERROR;
				CLANG_WARN_EMPTY_BODY = YES;
				CLANG_WARN_ENUM_CONVERSION = YES;
				CLANG_WARN_INT_CONVERSION = YES;
				CLANG_WARN_OBJC_ROOT_CLASS = YES_ERROR;
				CLANG_WARN_UNREACHABLE_CODE = YES;
				CLANG_WARN__DUPLICATE_METHOD_MATCH = YES;
				"CODE_SIGN_IDENTITY[sdk=iphoneos*]" = "iPhone Developer";
				COPY_PHASE_STRIP = NO;
				DEBUG_INFORMATION_FORMAT = dwarf;
				ENABLE_STRICT_OBJC_MSGSEND = YES;
				ENABLE_TESTABILITY = YES;
				GCC_C_LANGUAGE_STANDARD = gnu99;
				GCC_DYNAMIC_NO_PIC = NO;
				GCC_NO_COMMON_BLOCKS = YES;
				GCC_OPTIMIZATION_LEVEL = 0;
				GCC_PREPROCESSOR_DEFINITIONS = (
					"DEBUG=1",
					"$(inherited)",
				);
				GCC_WARN_64_TO_32_BIT_CONVERSION = YES;
				GCC_WARN_ABOUT_RETURN_TYPE = YES_ERROR;
				GCC_WARN_UNDECLARED_SELECTOR = YES;
				GCC_WARN_UNINITIALIZED_AUTOS = YES_AGGRESSIVE;
				GCC_WARN_UNUSED_FUNCTION = YES;
				GCC_WARN_UNUSED_VARIABLE = YES;
				IPHONEOS_DEPLOYMENT_TARGET = 9.3;
				MTL_ENABLE_DEBUG_INFO = YES;
				ONLY_ACTIVE_ARCH = YES;
				SDKROOT = iphoneos;
				SWIFT_OPTIMIZATION_LEVEL = "-Onone";
				TARGETED_DEVICE_FAMILY = "1,2";
			};
			name = Debug;
		};
		D2B0E07B1CBC967900C6DC5B /* Release */ = {
			isa = XCBuildConfiguration;
			buildSettings = {
				ALWAYS_SEARCH_USER_PATHS = NO;
				CLANG_ANALYZER_NONNULL = YES;
				CLANG_CXX_LANGUAGE_STANDARD = "gnu++0x";
				CLANG_CXX_LIBRARY = "libc++";
				CLANG_ENABLE_MODULES = YES;
				CLANG_ENABLE_OBJC_ARC = YES;
				CLANG_WARN_BOOL_CONVERSION = YES;
				CLANG_WARN_CONSTANT_CONVERSION = YES;
				CLANG_WARN_DIRECT_OBJC_ISA_USAGE = YES_ERROR;
				CLANG_WARN_EMPTY_BODY = YES;
				CLANG_WARN_ENUM_CONVERSION = YES;
				CLANG_WARN_INT_CONVERSION = YES;
				CLANG_WARN_OBJC_ROOT_CLASS = YES_ERROR;
				CLANG_WARN_UNREACHABLE_CODE = YES;
				CLANG_WARN__DUPLICATE_METHOD_MATCH = YES;
				"CODE_SIGN_IDENTITY[sdk=iphoneos*]" = "iPhone Developer";
				COPY_PHASE_STRIP = NO;
				DEBUG_INFORMATION_FORMAT = "dwarf-with-dsym";
				ENABLE_NS_ASSERTIONS = NO;
				ENABLE_STRICT_OBJC_MSGSEND = YES;
				GCC_C_LANGUAGE_STANDARD = gnu99;
				GCC_NO_COMMON_BLOCKS = YES;
				GCC_WARN_64_TO_32_BIT_CONVERSION = YES;
				GCC_WARN_ABOUT_RETURN_TYPE = YES_ERROR;
				GCC_WARN_UNDECLARED_SELECTOR = YES;
				GCC_WARN_UNINITIALIZED_AUTOS = YES_AGGRESSIVE;
				GCC_WARN_UNUSED_FUNCTION = YES;
				GCC_WARN_UNUSED_VARIABLE = YES;
				IPHONEOS_DEPLOYMENT_TARGET = 9.3;
				MTL_ENABLE_DEBUG_INFO = NO;
				SDKROOT = iphoneos;
				TARGETED_DEVICE_FAMILY = "1,2";
				VALIDATE_PRODUCT = YES;
			};
			name = Release;
		};
		D2B0E07D1CBC967900C6DC5B /* Debug */ = {
			isa = XCBuildConfiguration;
			buildSettings = {
				ASSETCATALOG_COMPILER_APPICON_NAME = AppIcon;
				CLANG_ENABLE_MODULES = YES;
				GCC_PREFIX_HEADER = "Swift大测试6/PrefixHeader.pch";
				INFOPLIST_FILE = "Swift大测试6/Info.plist";
				LD_RUNPATH_SEARCH_PATHS = "$(inherited) @executable_path/Frameworks";
				PRODUCT_BUNDLE_IDENTIFIER = "com.cc.Swift---6";
				PRODUCT_NAME = "$(TARGET_NAME)";
				SWIFT_OBJC_BRIDGING_HEADER = "Swift大测试6/PrefixHeader.pch";
				SWIFT_OPTIMIZATION_LEVEL = "-Onone";
			};
			name = Debug;
		};
		D2B0E07E1CBC967900C6DC5B /* Release */ = {
			isa = XCBuildConfiguration;
			buildSettings = {
				ASSETCATALOG_COMPILER_APPICON_NAME = AppIcon;
				CLANG_ENABLE_MODULES = YES;
				GCC_PREFIX_HEADER = "Swift大测试6/PrefixHeader.pch";
				INFOPLIST_FILE = "Swift大测试6/Info.plist";
				LD_RUNPATH_SEARCH_PATHS = "$(inherited) @executable_path/Frameworks";
				PRODUCT_BUNDLE_IDENTIFIER = "com.cc.Swift---6";
				PRODUCT_NAME = "$(TARGET_NAME)";
				SWIFT_OBJC_BRIDGING_HEADER = "Swift大测试6/PrefixHeader.pch";
			};
			name = Release;
		};
/* End XCBuildConfiguration section */

/* Begin XCConfigurationList section */
		D2B0E0651CBC967900C6DC5B /* Build configuration list for PBXProject "Swift大测试6" */ = {
			isa = XCConfigurationList;
			buildConfigurations = (
				D2B0E07A1CBC967900C6DC5B /* Debug */,
				D2B0E07B1CBC967900C6DC5B /* Release */,
			);
			defaultConfigurationIsVisible = 0;
			defaultConfigurationName = Release;
		};
		D2B0E07C1CBC967900C6DC5B /* Build configuration list for PBXNativeTarget "Swift大测试6" */ = {
			isa = XCConfigurationList;
			buildConfigurations = (
				D2B0E07D1CBC967900C6DC5B /* Debug */,
				D2B0E07E1CBC967900C6DC5B /* Release */,
			);
			defaultConfigurationIsVisible = 0;
			defaultConfigurationName = Release;
		};
/* End XCConfigurationList section */
	};
	rootObject = D2B0E0621CBC967900C6DC5B /* Project object */;
}
