// !$*UTF8*$!
{
	archiveVersion = 1;
	classes = {
	};
	objectVersion = 46;
	objects = {

/* Begin PBXBuildFile section */
		D2454D6E1D06525300A7EECF /* Person.swift in Sources */ = {isa = PBXBuildFile; fileRef = D2454D6D1D06525300A7EECF /* Person.swift */; };
		D2EED63A1D05A1160007B0FF /* AppDelegate.swift in Sources */ = {isa = PBXBuildFile; fileRef = D2EED6391D05A1160007B0FF /* AppDelegate.swift */; };
		D2EED63C1D05A1160007B0FF /* ViewController.swift in Sources */ = {isa = PBXBuildFile; fileRef = D2EED63B1D05A1160007B0FF /* ViewController.swift */; };
		D2EED63F1D05A1160007B0FF /* Main.storyboard in Resources */ = {isa = PBXBuildFile; fileRef = D2EED63D1D05A1160007B0FF /* Main.storyboard */; };
		D2EED6411D05A1160007B0FF /* Assets.xcassets in Resources */ = {isa = PBXBuildFile; fileRef = D2EED6401D05A1160007B0FF /* Assets.xcassets */; };
		D2EED6441D05A1160007B0FF /* LaunchScreen.storyboard in Resources */ = {isa = PBXBuildFile; fileRef = D2EED6421D05A1160007B0FF /* LaunchScreen.storyboard */; };
/* End PBXBuildFile section */

/* Begin PBXFileReference section */
		D2454D6D1D06525300A7EECF /* Person.swift */ = {isa = PBXFileReference; fileEncoding = 4; lastKnownFileType = sourcecode.swift; path = Person.swift; sourceTree = "<group>"; };
		D2EED6361D05A1160007B0FF /* Optional.app */ = {isa = PBXFileReference; explicitFileType = wrapper.application; includeInIndex = 0; path = Optional.app; sourceTree = BUILT_PRODUCTS_DIR; };
		D2EED6391D05A1160007B0FF /* AppDelegate.swift */ = {isa = PBXFileReference; lastKnownFileType = sourcecode.swift; path = AppDelegate.swift; sourceTree = "<group>"; };
		D2EED63B1D05A1160007B0FF /* ViewController.swift */ = {isa = PBXFileReference; lastKnownFileType = sourcecode.swift; path = ViewController.swift; sourceTree = "<group>"; };
		D2EED63E1D05A1160007B0FF /* Base */ = {isa = PBXFileReference; lastKnownFileType = file.storyboard; name = Base; path = Base.lproj/Main.storyboard; sourceTree = "<group>"; };
		D2EED6401D05A1160007B0FF /* Assets.xcassets */ = {isa = PBXFileReference; lastKnownFileType = folder.assetcatalog; path = Assets.xcassets; sourceTree = "<group>"; };
		D2EED6431D05A1160007B0FF /* Base */ = {isa = PBXFileReference; lastKnownFileType = file.storyboard; name = Base; path = Base.lproj/LaunchScreen.storyboard; sourceTree = "<group>"; };
		D2EED6451D05A1160007B0FF /* Info.plist */ = {isa = PBXFileReference; lastKnownFileType = text.plist.xml; path = Info.plist; sourceTree = "<group>"; };
/* End PBXFileReference section */

/* Begin PBXFrameworksBuildPhase section */
		D2EED6331D05A1160007B0FF /* Frameworks */ = {
			isa = PBXFrameworksBuildPhase;
			buildActionMask = 2147483647;
			files = (
			);
			runOnlyForDeploymentPostprocessing = 0;
		};
/* End PBXFrameworksBuildPhase section */

/* Begin PBXGroup section */
		D2EED62D1D05A1160007B0FF = {
			isa = PBXGroup;
			children = (
				D2EED6381D05A1160007B0FF /* Optional */,
				D2EED6371D05A1160007B0FF /* Products */,
			);
			sourceTree = "<group>";
		};
		D2EED6371D05A1160007B0FF /* Products */ = {
			isa = PBXGroup;
			children = (
				D2EED6361D05A1160007B0FF /* Optional.app */,
			);
			name = Products;
			sourceTree = "<group>";
		};
		D2EED6381D05A1160007B0FF /* Optional */ = {
			isa = PBXGroup;
			children = (
				D2EED6391D05A1160007B0FF /* AppDelegate.swift */,
				D2EED63B1D05A1160007B0FF /* ViewController.swift */,
				D2454D6D1D06525300A7EECF /* Person.swift */,
				D2EED63D1D05A1160007B0FF /* Main.storyboard */,
				D2EED6401D05A1160007B0FF /* Assets.xcassets */,
				D2EED6421D05A1160007B0FF /* LaunchScreen.storyboard */,
				D2EED6451D05A1160007B0FF /* Info.plist */,
			);
			path = Optional;
			sourceTree = "<group>";
		};
/* End PBXGroup section */

/* Begin PBXNativeTarget section */
		D2EED6351D05A1160007B0FF /* Optional */ = {
			isa = PBXNativeTarget;
			buildConfigurationList = D2EED6481D05A1160007B0FF /* Build configuration list for PBXNativeTarget "Optional" */;
			buildPhases = (
				D2EED6321D05A1160007B0FF /* Sources */,
				D2EED6331D05A1160007B0FF /* Frameworks */,
				D2EED6341D05A1160007B0FF /* Resources */,
			);
			buildRules = (
			);
			dependencies = (
			);
			name = Optional;
			productName = Optional;
			productReference = D2EED6361D05A1160007B0FF /* Optional.app */;
			productType = "com.apple.product-type.application";
		};
/* End PBXNativeTarget section */

/* Begin PBXProject section */
		D2EED62E1D05A1160007B0FF /* Project object */ = {
			isa = PBXProject;
			attributes = {
				LastSwiftUpdateCheck = 0730;
				LastUpgradeCheck = 0730;
				ORGANIZATIONNAME = tencent;
				TargetAttributes = {
					D2EED6351D05A1160007B0FF = {
						CreatedOnToolsVersion = 7.3.1;
					};
				};
			};
			buildConfigurationList = D2EED6311D05A1160007B0FF /* Build configuration list for PBXProject "Optional" */;
			compatibilityVersion = "Xcode 3.2";
			developmentRegion = English;
			hasScannedForEncodings = 0;
			knownRegions = (
				en,
				Base,
			);
			mainGroup = D2EED62D1D05A1160007B0FF;
			productRefGroup = D2EED6371D05A1160007B0FF /* Products */;
			projectDirPath = "";
			projectRoot = "";
			targets = (
				D2EED6351D05A1160007B0FF /* Optional */,
			);
		};
/* End PBXProject section */

/* Begin PBXResourcesBuildPhase section */
		D2EED6341D05A1160007B0FF /* Resources */ = {
			isa = PBXResourcesBuildPhase;
			buildActionMask = 2147483647;
			files = (
				D2EED6441D05A1160007B0FF /* LaunchScreen.storyboard in Resources */,
				D2EED6411D05A1160007B0FF /* Assets.xcassets in Resources */,
				D2EED63F1D05A1160007B0FF /* Main.storyboard in Resources */,
			);
			runOnlyForDeploymentPostprocessing = 0;
		};
/* End PBXResourcesBuildPhase section */

/* Begin PBXSourcesBuildPhase section */
		D2EED6321D05A1160007B0FF /* Sources */ = {
			isa = PBXSourcesBuildPhase;
			buildActionMask = 2147483647;
			files = (
				D2454D6E1D06525300A7EECF /* Person.swift in Sources */,
				D2EED63C1D05A1160007B0FF /* ViewController.swift in Sources */,
				D2EED63A1D05A1160007B0FF /* AppDelegate.swift in Sources */,
			);
			runOnlyForDeploymentPostprocessing = 0;
		};
/* End PBXSourcesBuildPhase section */

/* Begin PBXVariantGroup section */
		D2EED63D1D05A1160007B0FF /* Main.storyboard */ = {
			isa = PBXVariantGroup;
			children = (
				D2EED63E1D05A1160007B0FF /* Base */,
			);
			name = Main.storyboard;
			sourceTree = "<group>";
		};
		D2EED6421D05A1160007B0FF /* LaunchScreen.storyboard */ = {
			isa = PBXVariantGroup;
			children = (
				D2EED6431D05A1160007B0FF /* Base */,
			);
			name = LaunchScreen.storyboard;
			sourceTree = "<group>";
		};
/* End PBXVariantGroup section */

/* Begin XCBuildConfiguration section */
		D2EED6461D05A1160007B0FF /* Debug */ = {
			isa = XCBuildConfiguration;
			buildSettings = {
				ALWAYS_SEARCH_USER_PATHS = NO;
				CLANG_ANALYZER_NONNULL = YES;
				CLANG_CXX_LANGUAGE_STANDARD = "gnu++0x";
				CLANG_CXX_LIBRARY = "libc++";
				CLANG_ENABLE_MODULES = YES;
				CLANG_ENABLE_OBJC_ARC = YES;
				CLANG_WARN_BOOL_CONVERSION = YES;
				CLANG_WARN_CONSTANT_CONVERSION = YES;
				CLANG_WARN_DIRECT_OBJC_ISA_USAGE = YES_ERROR;
				CLANG_WARN_EMPTY_BODY = YES;
				CLANG_WARN_ENUM_CONVERSION = YES;
				CLANG_WARN_INT_CONVERSION = YES;
				CLANG_WARN_OBJC_ROOT_CLASS = YES_ERROR;
				CLANG_WARN_UNREACHABLE_CODE = YES;
				CLANG_WARN__DUPLICATE_METHOD_MATCH = YES;
				"CODE_SIGN_IDENTITY[sdk=iphoneos*]" = "iPhone Developer";
				COPY_PHASE_STRIP = NO;
				DEBUG_INFORMATION_FORMAT = dwarf;
				ENABLE_STRICT_OBJC_MSGSEND = YES;
				ENABLE_TESTABILITY = YES;
				GCC_C_LANGUAGE_STANDARD = gnu99;
				GCC_DYNAMIC_NO_PIC = NO;
				GCC_NO_COMMON_BLOCKS = YES;
				GCC_OPTIMIZATION_LEVEL = 0;
				GCC_PREPROCESSOR_DEFINITIONS = (
					"DEBUG=1",
					"$(inherited)",
				);
				GCC_WARN_64_TO_32_BIT_CONVERSION = YES;
				GCC_WARN_ABOUT_RETURN_TYPE = YES_ERROR;
				GCC_WARN_UNDECLARED_SELECTOR = YES;
				GCC_WARN_UNINITIALIZED_AUTOS = YES_AGGRESSIVE;
				GCC_WARN_UNUSED_FUNCTION = YES;
				GCC_WARN_UNUSED_VARIABLE = YES;
				IPHONEOS_DEPLOYMENT_TARGET = 9.3;
				MTL_ENABLE_DEBUG_INFO = YES;
				ONLY_ACTIVE_ARCH = YES;
				SDKROOT = iphoneos;
				SWIFT_OPTIMIZATION_LEVEL = "-Onone";
				TARGETED_DEVICE_FAMILY = "1,2";
			};
			name = Debug;
		};
		D2EED6471D05A1160007B0FF /* Release */ = {
			isa = XCBuildConfiguration;
			buildSettings = {
				ALWAYS_SEARCH_USER_PATHS = NO;
				CLANG_ANALYZER_NONNULL = YES;
				CLANG_CXX_LANGUAGE_STANDARD = "gnu++0x";
				CLANG_CXX_LIBRARY = "libc++";
				CLANG_ENABLE_MODULES = YES;
				CLANG_ENABLE_OBJC_ARC = YES;
				CLANG_WARN_BOOL_CONVERSION = YES;
				CLANG_WARN_CONSTANT_CONVERSION = YES;
				CLANG_WARN_DIRECT_OBJC_ISA_USAGE = YES_ERROR;
				CLANG_WARN_EMPTY_BODY = YES;
				CLANG_WARN_ENUM_CONVERSION = YES;
				CLANG_WARN_INT_CONVERSION = YES;
				CLANG_WARN_OBJC_ROOT_CLASS = YES_ERROR;
				CLANG_WARN_UNREACHABLE_CODE = YES;
				CLANG_WARN__DUPLICATE_METHOD_MATCH = YES;
				"CODE_SIGN_IDENTITY[sdk=iphoneos*]" = "iPhone Developer";
				COPY_PHASE_STRIP = NO;
				DEBUG_INFORMATION_FORMAT = "dwarf-with-dsym";
				ENABLE_NS_ASSERTIONS = NO;
				ENABLE_STRICT_OBJC_MSGSEND = YES;
				GCC_C_LANGUAGE_STANDARD = gnu99;
				GCC_NO_COMMON_BLOCKS = YES;
				GCC_WARN_64_TO_32_BIT_CONVERSION = YES;
				GCC_WARN_ABOUT_RETURN_TYPE = YES_ERROR;
				GCC_WARN_UNDECLARED_SELECTOR = YES;
				GCC_WARN_UNINITIALIZED_AUTOS = YES_AGGRESSIVE;
				GCC_WARN_UNUSED_FUNCTION = YES;
				GCC_WARN_UNUSED_VARIABLE = YES;
				IPHONEOS_DEPLOYMENT_TARGET = 9.3;
				MTL_ENABLE_DEBUG_INFO = NO;
				SDKROOT = iphoneos;
				TARGETED_DEVICE_FAMILY = "1,2";
				VALIDATE_PRODUCT = YES;
			};
			name = Release;
		};
		D2EED6491D05A1160007B0FF /* Debug */ = {
			isa = XCBuildConfiguration;
			buildSettings = {
				ASSETCATALOG_COMPILER_APPICON_NAME = AppIcon;
				INFOPLIST_FILE = Optional/Info.plist;
				LD_RUNPATH_SEARCH_PATHS = "$(inherited) @executable_path/Frameworks";
				PRODUCT_BUNDLE_IDENTIFIER = com.cc.Optional;
				PRODUCT_NAME = "$(TARGET_NAME)";
			};
			name = Debug;
		};
		D2EED64A1D05A1160007B0FF /* Release */ = {
			isa = XCBuildConfiguration;
			buildSettings = {
				ASSETCATALOG_COMPILER_APPICON_NAME = AppIcon;
				INFOPLIST_FILE = Optional/Info.plist;
				LD_RUNPATH_SEARCH_PATHS = "$(inherited) @executable_path/Frameworks";
				PRODUCT_BUNDLE_IDENTIFIER = com.cc.Optional;
				PRODUCT_NAME = "$(TARGET_NAME)";
			};
			name = Release;
		};
/* End XCBuildConfiguration section */

/* Begin XCConfigurationList section */
		D2EED6311D05A1160007B0FF /* Build configuration list for PBXProject "Optional" */ = {
			isa = XCConfigurationList;
			buildConfigurations = (
				D2EED6461D05A1160007B0FF /* Debug */,
				D2EED6471D05A1160007B0FF /* Release */,
			);
			defaultConfigurationIsVisible = 0;
			defaultConfigurationName = Release;
		};
		D2EED6481D05A1160007B0FF /* Build configuration list for PBXNativeTarget "Optional" */ = {
			isa = XCConfigurationList;
			buildConfigurations = (
				D2EED6491D05A1160007B0FF /* Debug */,
				D2EED64A1D05A1160007B0FF /* Release */,
			);
			defaultConfigurationIsVisible = 0;
			defaultConfigurationName = Release;
		};
/* End XCConfigurationList section */
	};
	rootObject = D2EED62E1D05A1160007B0FF /* Project object */;
}
