// !$*UTF8*$!
{
	archiveVersion = 1;
	classes = {
	};
	objectVersion = 46;
	objects = {

/* Begin PBXBuildFile section */
		BBC7A84CA6962D863F5D4C8D /* libPods.a in Frameworks */ = {isa = PBXBuildFile; fileRef = 96E6805917677BFD2C2A5C4F /* libPods.a */; };
		D20338871CD04C0B0083EED5 /* AppDelegate.swift in Sources */ = {isa = PBXBuildFile; fileRef = D20338861CD04C0B0083EED5 /* AppDelegate.swift */; };
		D20338891CD04C0B0083EED5 /* ViewController.swift in Sources */ = {isa = PBXBuildFile; fileRef = D20338881CD04C0B0083EED5 /* ViewController.swift */; };
		D203388C1CD04C0B0083EED5 /* Main.storyboard in Resources */ = {isa = PBXBuildFile; fileRef = D203388A1CD04C0B0083EED5 /* Main.storyboard */; };
		D203388E1CD04C0B0083EED5 /* Assets.xcassets in Resources */ = {isa = PBXBuildFile; fileRef = D203388D1CD04C0B0083EED5 /* Assets.xcassets */; };
		D20338911CD04C0B0083EED5 /* LaunchScreen.storyboard in Resources */ = {isa = PBXBuildFile; fileRef = D203388F1CD04C0B0083EED5 /* LaunchScreen.storyboard */; };
/* End PBXBuildFile section */

/* Begin PBXFileReference section */
		9234008629E67719D68986D9 /* Pods.release.xcconfig */ = {isa = PBXFileReference; includeInIndex = 1; lastKnownFileType = text.xcconfig; name = Pods.release.xcconfig; path = "Pods/Target Support Files/Pods/Pods.release.xcconfig"; sourceTree = "<group>"; };
		96E6805917677BFD2C2A5C4F /* libPods.a */ = {isa = PBXFileReference; explicitFileType = archive.ar; includeInIndex = 0; path = libPods.a; sourceTree = BUILT_PRODUCTS_DIR; };
		B7EEE183F66BA0B702EDC897 /* Pods.debug.xcconfig */ = {isa = PBXFileReference; includeInIndex = 1; lastKnownFileType = text.xcconfig; name = Pods.debug.xcconfig; path = "Pods/Target Support Files/Pods/Pods.debug.xcconfig"; sourceTree = "<group>"; };
		D20338831CD04C0B0083EED5 /* TestCocopods.app */ = {isa = PBXFileReference; explicitFileType = wrapper.application; includeInIndex = 0; path = TestCocopods.app; sourceTree = BUILT_PRODUCTS_DIR; };
		D20338861CD04C0B0083EED5 /* AppDelegate.swift */ = {isa = PBXFileReference; lastKnownFileType = sourcecode.swift; path = AppDelegate.swift; sourceTree = "<group>"; };
		D20338881CD04C0B0083EED5 /* ViewController.swift */ = {isa = PBXFileReference; lastKnownFileType = sourcecode.swift; path = ViewController.swift; sourceTree = "<group>"; };
		D203388B1CD04C0B0083EED5 /* Base */ = {isa = PBXFileReference; lastKnownFileType = file.storyboard; name = Base; path = Base.lproj/Main.storyboard; sourceTree = "<group>"; };
		D203388D1CD04C0B0083EED5 /* Assets.xcassets */ = {isa = PBXFileReference; lastKnownFileType = folder.assetcatalog; path = Assets.xcassets; sourceTree = "<group>"; };
		D20338901CD04C0B0083EED5 /* Base */ = {isa = PBXFileReference; lastKnownFileType = file.storyboard; name = Base; path = Base.lproj/LaunchScreen.storyboard; sourceTree = "<group>"; };
		D20338921CD04C0B0083EED5 /* Info.plist */ = {isa = PBXFileReference; lastKnownFileType = text.plist.xml; path = Info.plist; sourceTree = "<group>"; };
/* End PBXFileReference section */

/* Begin PBXFrameworksBuildPhase section */
		D20338801CD04C0B0083EED5 /* Frameworks */ = {
			isa = PBXFrameworksBuildPhase;
			buildActionMask = 2147483647;
			files = (
				BBC7A84CA6962D863F5D4C8D /* libPods.a in Frameworks */,
			);
			runOnlyForDeploymentPostprocessing = 0;
		};
/* End PBXFrameworksBuildPhase section */

/* Begin PBXGroup section */
		90E06A5502E81C6FE3994C78 /* Pods */ = {
			isa = PBXGroup;
			children = (
				B7EEE183F66BA0B702EDC897 /* Pods.debug.xcconfig */,
				9234008629E67719D68986D9 /* Pods.release.xcconfig */,
			);
			name = Pods;
			sourceTree = "<group>";
		};
		C64EEAE2C41A279A02FB332A /* Frameworks */ = {
			isa = PBXGroup;
			children = (
				96E6805917677BFD2C2A5C4F /* libPods.a */,
			);
			name = Frameworks;
			sourceTree = "<group>";
		};
		D203387A1CD04C0B0083EED5 = {
			isa = PBXGroup;
			children = (
				D20338851CD04C0B0083EED5 /* TestCocopods */,
				D20338841CD04C0B0083EED5 /* Products */,
				90E06A5502E81C6FE3994C78 /* Pods */,
				C64EEAE2C41A279A02FB332A /* Frameworks */,
			);
			sourceTree = "<group>";
		};
		D20338841CD04C0B0083EED5 /* Products */ = {
			isa = PBXGroup;
			children = (
				D20338831CD04C0B0083EED5 /* TestCocopods.app */,
			);
			name = Products;
			sourceTree = "<group>";
		};
		D20338851CD04C0B0083EED5 /* TestCocopods */ = {
			isa = PBXGroup;
			children = (
				D20338861CD04C0B0083EED5 /* AppDelegate.swift */,
				D20338881CD04C0B0083EED5 /* ViewController.swift */,
				D203388A1CD04C0B0083EED5 /* Main.storyboard */,
				D203388D1CD04C0B0083EED5 /* Assets.xcassets */,
				D203388F1CD04C0B0083EED5 /* LaunchScreen.storyboard */,
				D20338921CD04C0B0083EED5 /* Info.plist */,
			);
			path = TestCocopods;
			sourceTree = "<group>";
		};
/* End PBXGroup section */

/* Begin PBXNativeTarget section */
		D20338821CD04C0B0083EED5 /* TestCocopods */ = {
			isa = PBXNativeTarget;
			buildConfigurationList = D20338951CD04C0B0083EED5 /* Build configuration list for PBXNativeTarget "TestCocopods" */;
			buildPhases = (
				1C5561260BE1E670606E6424 /* Check Pods Manifest.lock */,
				D203387F1CD04C0B0083EED5 /* Sources */,
				D20338801CD04C0B0083EED5 /* Frameworks */,
				D20338811CD04C0B0083EED5 /* Resources */,
				4BAC5DB898FE021A936A4D35 /* Embed Pods Frameworks */,
				18D3A7FDACF410CEE17EDFBB /* Copy Pods Resources */,
			);
			buildRules = (
			);
			dependencies = (
			);
			name = TestCocopods;
			productName = TestCocopods;
			productReference = D20338831CD04C0B0083EED5 /* TestCocopods.app */;
			productType = "com.apple.product-type.application";
		};
/* End PBXNativeTarget section */

/* Begin PBXProject section */
		D203387B1CD04C0B0083EED5 /* Project object */ = {
			isa = PBXProject;
			attributes = {
				LastSwiftUpdateCheck = 0730;
				LastUpgradeCheck = 0730;
				ORGANIZATIONNAME = cc;
				TargetAttributes = {
					D20338821CD04C0B0083EED5 = {
						CreatedOnToolsVersion = 7.3;
						DevelopmentTeam = Y785DH9C3F;
					};
				};
			};
			buildConfigurationList = D203387E1CD04C0B0083EED5 /* Build configuration list for PBXProject "TestCocopods" */;
			compatibilityVersion = "Xcode 3.2";
			developmentRegion = English;
			hasScannedForEncodings = 0;
			knownRegions = (
				en,
				Base,
			);
			mainGroup = D203387A1CD04C0B0083EED5;
			productRefGroup = D20338841CD04C0B0083EED5 /* Products */;
			projectDirPath = "";
			projectRoot = "";
			targets = (
				D20338821CD04C0B0083EED5 /* TestCocopods */,
			);
		};
/* End PBXProject section */

/* Begin PBXResourcesBuildPhase section */
		D20338811CD04C0B0083EED5 /* Resources */ = {
			isa = PBXResourcesBuildPhase;
			buildActionMask = 2147483647;
			files = (
				D20338911CD04C0B0083EED5 /* LaunchScreen.storyboard in Resources */,
				D203388E1CD04C0B0083EED5 /* Assets.xcassets in Resources */,
				D203388C1CD04C0B0083EED5 /* Main.storyboard in Resources */,
			);
			runOnlyForDeploymentPostprocessing = 0;
		};
/* End PBXResourcesBuildPhase section */

/* Begin PBXShellScriptBuildPhase section */
		18D3A7FDACF410CEE17EDFBB /* Copy Pods Resources */ = {
			isa = PBXShellScriptBuildPhase;
			buildActionMask = 2147483647;
			files = (
			);
			inputPaths = (
			);
			name = "Copy Pods Resources";
			outputPaths = (
			);
			runOnlyForDeploymentPostprocessing = 0;
			shellPath = /bin/sh;
			shellScript = "\"${SRCROOT}/Pods/Target Support Files/Pods/Pods-resources.sh\"\n";
			showEnvVarsInLog = 0;
		};
		1C5561260BE1E670606E6424 /* Check Pods Manifest.lock */ = {
			isa = PBXShellScriptBuildPhase;
			buildActionMask = 2147483647;
			files = (
			);
			inputPaths = (
			);
			name = "Check Pods Manifest.lock";
			outputPaths = (
			);
			runOnlyForDeploymentPostprocessing = 0;
			shellPath = /bin/sh;
			shellScript = "diff \"${PODS_ROOT}/../Podfile.lock\" \"${PODS_ROOT}/Manifest.lock\" > /dev/null\nif [[ $? != 0 ]] ; then\n    cat << EOM\nerror: The sandbox is not in sync with the Podfile.lock. Run 'pod install' or update your CocoaPods installation.\nEOM\n    exit 1\nfi\n";
			showEnvVarsInLog = 0;
		};
		4BAC5DB898FE021A936A4D35 /* Embed Pods Frameworks */ = {
			isa = PBXShellScriptBuildPhase;
			buildActionMask = 2147483647;
			files = (
			);
			inputPaths = (
			);
			name = "Embed Pods Frameworks";
			outputPaths = (
			);
			runOnlyForDeploymentPostprocessing = 0;
			shellPath = /bin/sh;
			shellScript = "\"${SRCROOT}/Pods/Target Support Files/Pods/Pods-frameworks.sh\"\n";
			showEnvVarsInLog = 0;
		};
/* End PBXShellScriptBuildPhase section */

/* Begin PBXSourcesBuildPhase section */
		D203387F1CD04C0B0083EED5 /* Sources */ = {
			isa = PBXSourcesBuildPhase;
			buildActionMask = 2147483647;
			files = (
				D20338891CD04C0B0083EED5 /* ViewController.swift in Sources */,
				D20338871CD04C0B0083EED5 /* AppDelegate.swift in Sources */,
			);
			runOnlyForDeploymentPostprocessing = 0;
		};
/* End PBXSourcesBuildPhase section */

/* Begin PBXVariantGroup section */
		D203388A1CD04C0B0083EED5 /* Main.storyboard */ = {
			isa = PBXVariantGroup;
			children = (
				D203388B1CD04C0B0083EED5 /* Base */,
			);
			name = Main.storyboard;
			sourceTree = "<group>";
		};
		D203388F1CD04C0B0083EED5 /* LaunchScreen.storyboard */ = {
			isa = PBXVariantGroup;
			children = (
				D20338901CD04C0B0083EED5 /* Base */,
			);
			name = LaunchScreen.storyboard;
			sourceTree = "<group>";
		};
/* End PBXVariantGroup section */

/* Begin XCBuildConfiguration section */
		D20338931CD04C0B0083EED5 /* Debug */ = {
			isa = XCBuildConfiguration;
			buildSettings = {
				ALWAYS_SEARCH_USER_PATHS = NO;
				CLANG_ANALYZER_NONNULL = YES;
				CLANG_CXX_LANGUAGE_STANDARD = "gnu++0x";
				CLANG_CXX_LIBRARY = "libc++";
				CLANG_ENABLE_MODULES = YES;
				CLANG_ENABLE_OBJC_ARC = YES;
				CLANG_WARN_BOOL_CONVERSION = YES;
				CLANG_WARN_CONSTANT_CONVERSION = YES;
				CLANG_WARN_DIRECT_OBJC_ISA_USAGE = YES_ERROR;
				CLANG_WARN_EMPTY_BODY = YES;
				CLANG_WARN_ENUM_CONVERSION = YES;
				CLANG_WARN_INT_CONVERSION = YES;
				CLANG_WARN_OBJC_ROOT_CLASS = YES_ERROR;
				CLANG_WARN_UNREACHABLE_CODE = YES;
				CLANG_WARN__DUPLICATE_METHOD_MATCH = YES;
				"CODE_SIGN_IDENTITY[sdk=iphoneos*]" = "iPhone Developer";
				COPY_PHASE_STRIP = NO;
				DEBUG_INFORMATION_FORMAT = dwarf;
				ENABLE_STRICT_OBJC_MSGSEND = YES;
				ENABLE_TESTABILITY = YES;
				GCC_C_LANGUAGE_STANDARD = gnu99;
				GCC_DYNAMIC_NO_PIC = NO;
				GCC_NO_COMMON_BLOCKS = YES;
				GCC_OPTIMIZATION_LEVEL = 0;
				GCC_PREPROCESSOR_DEFINITIONS = (
					"DEBUG=1",
					"$(inherited)",
				);
				GCC_WARN_64_TO_32_BIT_CONVERSION = YES;
				GCC_WARN_ABOUT_RETURN_TYPE = YES_ERROR;
				GCC_WARN_UNDECLARED_SELECTOR = YES;
				GCC_WARN_UNINITIALIZED_AUTOS = YES_AGGRESSIVE;
				GCC_WARN_UNUSED_FUNCTION = YES;
				GCC_WARN_UNUSED_VARIABLE = YES;
				IPHONEOS_DEPLOYMENT_TARGET = 9.3;
				MTL_ENABLE_DEBUG_INFO = YES;
				ONLY_ACTIVE_ARCH = YES;
				SDKROOT = iphoneos;
				SWIFT_OPTIMIZATION_LEVEL = "-Onone";
				TARGETED_DEVICE_FAMILY = "1,2";
			};
			name = Debug;
		};
		D20338941CD04C0B0083EED5 /* Release */ = {
			isa = XCBuildConfiguration;
			buildSettings = {
				ALWAYS_SEARCH_USER_PATHS = NO;
				CLANG_ANALYZER_NONNULL = YES;
				CLANG_CXX_LANGUAGE_STANDARD = "gnu++0x";
				CLANG_CXX_LIBRARY = "libc++";
				CLANG_ENABLE_MODULES = YES;
				CLANG_ENABLE_OBJC_ARC = YES;
				CLANG_WARN_BOOL_CONVERSION = YES;
				CLANG_WARN_CONSTANT_CONVERSION = YES;
				CLANG_WARN_DIRECT_OBJC_ISA_USAGE = YES_ERROR;
				CLANG_WARN_EMPTY_BODY = YES;
				CLANG_WARN_ENUM_CONVERSION = YES;
				CLANG_WARN_INT_CONVERSION = YES;
				CLANG_WARN_OBJC_ROOT_CLASS = YES_ERROR;
				CLANG_WARN_UNREACHABLE_CODE = YES;
				CLANG_WARN__DUPLICATE_METHOD_MATCH = YES;
				"CODE_SIGN_IDENTITY[sdk=iphoneos*]" = "iPhone Developer";
				COPY_PHASE_STRIP = NO;
				DEBUG_INFORMATION_FORMAT = "dwarf-with-dsym";
				ENABLE_NS_ASSERTIONS = NO;
				ENABLE_STRICT_OBJC_MSGSEND = YES;
				GCC_C_LANGUAGE_STANDARD = gnu99;
				GCC_NO_COMMON_BLOCKS = YES;
				GCC_WARN_64_TO_32_BIT_CONVERSION = YES;
				GCC_WARN_ABOUT_RETURN_TYPE = YES_ERROR;
				GCC_WARN_UNDECLARED_SELECTOR = YES;
				GCC_WARN_UNINITIALIZED_AUTOS = YES_AGGRESSIVE;
				GCC_WARN_UNUSED_FUNCTION = YES;
				GCC_WARN_UNUSED_VARIABLE = YES;
				IPHONEOS_DEPLOYMENT_TARGET = 9.3;
				MTL_ENABLE_DEBUG_INFO = NO;
				SDKROOT = iphoneos;
				TARGETED_DEVICE_FAMILY = "1,2";
				VALIDATE_PRODUCT = YES;
			};
			name = Release;
		};
		D20338961CD04C0B0083EED5 /* Debug */ = {
			isa = XCBuildConfiguration;
			baseConfigurationReference = B7EEE183F66BA0B702EDC897 /* Pods.debug.xcconfig */;
			buildSettings = {
				ASSETCATALOG_COMPILER_APPICON_NAME = AppIcon;
				CODE_SIGN_IDENTITY = "iPhone Developer";
				"CODE_SIGN_IDENTITY[sdk=iphoneos*]" = "iPhone Developer";
				INFOPLIST_FILE = TestCocopods/Info.plist;
				LD_RUNPATH_SEARCH_PATHS = "$(inherited) @executable_path/Frameworks";
				PRODUCT_BUNDLE_IDENTIFIER = com.cc.TestCocopods;
				PRODUCT_NAME = "$(TARGET_NAME)";
				PROVISIONING_PROFILE = "";
			};
			name = Debug;
		};
		D20338971CD04C0B0083EED5 /* Release */ = {
			isa = XCBuildConfiguration;
			baseConfigurationReference = 9234008629E67719D68986D9 /* Pods.release.xcconfig */;
			buildSettings = {
				ASSETCATALOG_COMPILER_APPICON_NAME = AppIcon;
				CODE_SIGN_IDENTITY = "iPhone Developer";
				"CODE_SIGN_IDENTITY[sdk=iphoneos*]" = "iPhone Developer";
				INFOPLIST_FILE = TestCocopods/Info.plist;
				LD_RUNPATH_SEARCH_PATHS = "$(inherited) @executable_path/Frameworks";
				PRODUCT_BUNDLE_IDENTIFIER = com.cc.TestCocopods;
				PRODUCT_NAME = "$(TARGET_NAME)";
				PROVISIONING_PROFILE = "";
			};
			name = Release;
		};
/* End XCBuildConfiguration section */

/* Begin XCConfigurationList section */
		D203387E1CD04C0B0083EED5 /* Build configuration list for PBXProject "TestCocopods" */ = {
			isa = XCConfigurationList;
			buildConfigurations = (
				D20338931CD04C0B0083EED5 /* Debug */,
				D20338941CD04C0B0083EED5 /* Release */,
			);
			defaultConfigurationIsVisible = 0;
			defaultConfigurationName = Release;
		};
		D20338951CD04C0B0083EED5 /* Build configuration list for PBXNativeTarget "TestCocopods" */ = {
			isa = XCConfigurationList;
			buildConfigurations = (
				D20338961CD04C0B0083EED5 /* Debug */,
				D20338971CD04C0B0083EED5 /* Release */,
			);
			defaultConfigurationIsVisible = 0;
			defaultConfigurationName = Release;
		};
/* End XCConfigurationList section */
	};
	rootObject = D203387B1CD04C0B0083EED5 /* Project object */;
}
