// !$*UTF8*$!
{
	archiveVersion = 1;
	classes = {
	};
	objectVersion = 46;
	objects = {

/* Begin PBXBuildFile section */
		D2F615AF1D1278C100039263 /* AppDelegate.swift in Sources */ = {isa = PBXBuildFile; fileRef = D2F615AE1D1278C100039263 /* AppDelegate.swift */; };
		D2F615B11D1278C100039263 /* ViewController.swift in Sources */ = {isa = PBXBuildFile; fileRef = D2F615B01D1278C100039263 /* ViewController.swift */; };
		D2F615B41D1278C100039263 /* Main.storyboard in Resources */ = {isa = PBXBuildFile; fileRef = D2F615B21D1278C100039263 /* Main.storyboard */; };
		D2F615B61D1278C100039263 /* Assets.xcassets in Resources */ = {isa = PBXBuildFile; fileRef = D2F615B51D1278C100039263 /* Assets.xcassets */; };
		D2F615B91D1278C100039263 /* LaunchScreen.storyboard in Resources */ = {isa = PBXBuildFile; fileRef = D2F615B71D1278C100039263 /* LaunchScreen.storyboard */; };
/* End PBXBuildFile section */

/* Begin PBXFileReference section */
		D2F615AB1D1278C100039263 /* PXdemo.app */ = {isa = PBXFileReference; explicitFileType = wrapper.application; includeInIndex = 0; path = PXdemo.app; sourceTree = BUILT_PRODUCTS_DIR; };
		D2F615AE1D1278C100039263 /* AppDelegate.swift */ = {isa = PBXFileReference; lastKnownFileType = sourcecode.swift; path = AppDelegate.swift; sourceTree = "<group>"; };
		D2F615B01D1278C100039263 /* ViewController.swift */ = {isa = PBXFileReference; lastKnownFileType = sourcecode.swift; path = ViewController.swift; sourceTree = "<group>"; };
		D2F615B31D1278C100039263 /* Base */ = {isa = PBXFileReference; lastKnownFileType = file.storyboard; name = Base; path = Base.lproj/Main.storyboard; sourceTree = "<group>"; };
		D2F615B51D1278C100039263 /* Assets.xcassets */ = {isa = PBXFileReference; lastKnownFileType = folder.assetcatalog; path = Assets.xcassets; sourceTree = "<group>"; };
		D2F615B81D1278C100039263 /* Base */ = {isa = PBXFileReference; lastKnownFileType = file.storyboard; name = Base; path = Base.lproj/LaunchScreen.storyboard; sourceTree = "<group>"; };
		D2F615BA1D1278C100039263 /* Info.plist */ = {isa = PBXFileReference; lastKnownFileType = text.plist.xml; path = Info.plist; sourceTree = "<group>"; };
/* End PBXFileReference section */

/* Begin PBXFrameworksBuildPhase section */
		D2F615A81D1278C100039263 /* Frameworks */ = {
			isa = PBXFrameworksBuildPhase;
			buildActionMask = 2147483647;
			files = (
			);
			runOnlyForDeploymentPostprocessing = 0;
		};
/* End PBXFrameworksBuildPhase section */

/* Begin PBXGroup section */
		D2F615A21D1278C100039263 = {
			isa = PBXGroup;
			children = (
				D2F615AD1D1278C100039263 /* PXdemo */,
				D2F615AC1D1278C100039263 /* Products */,
			);
			sourceTree = "<group>";
		};
		D2F615AC1D1278C100039263 /* Products */ = {
			isa = PBXGroup;
			children = (
				D2F615AB1D1278C100039263 /* PXdemo.app */,
			);
			name = Products;
			sourceTree = "<group>";
		};
		D2F615AD1D1278C100039263 /* PXdemo */ = {
			isa = PBXGroup;
			children = (
				D2F615AE1D1278C100039263 /* AppDelegate.swift */,
				D2F615B01D1278C100039263 /* ViewController.swift */,
				D2F615B21D1278C100039263 /* Main.storyboard */,
				D2F615B51D1278C100039263 /* Assets.xcassets */,
				D2F615B71D1278C100039263 /* LaunchScreen.storyboard */,
				D2F615BA1D1278C100039263 /* Info.plist */,
			);
			path = PXdemo;
			sourceTree = "<group>";
		};
/* End PBXGroup section */

/* Begin PBXNativeTarget section */
		D2F615AA1D1278C100039263 /* PXdemo */ = {
			isa = PBXNativeTarget;
			buildConfigurationList = D2F615BD1D1278C100039263 /* Build configuration list for PBXNativeTarget "PXdemo" */;
			buildPhases = (
				D2F615A71D1278C100039263 /* Sources */,
				D2F615A81D1278C100039263 /* Frameworks */,
				D2F615A91D1278C100039263 /* Resources */,
			);
			buildRules = (
			);
			dependencies = (
			);
			name = PXdemo;
			productName = PXdemo;
			productReference = D2F615AB1D1278C100039263 /* PXdemo.app */;
			productType = "com.apple.product-type.application";
		};
/* End PBXNativeTarget section */

/* Begin PBXProject section */
		D2F615A31D1278C100039263 /* Project object */ = {
			isa = PBXProject;
			attributes = {
				LastSwiftUpdateCheck = 0730;
				LastUpgradeCheck = 0730;
				ORGANIZATIONNAME = tencent;
				TargetAttributes = {
					D2F615AA1D1278C100039263 = {
						CreatedOnToolsVersion = 7.3.1;
					};
				};
			};
			buildConfigurationList = D2F615A61D1278C100039263 /* Build configuration list for PBXProject "PXdemo" */;
			compatibilityVersion = "Xcode 3.2";
			developmentRegion = English;
			hasScannedForEncodings = 0;
			knownRegions = (
				en,
				Base,
			);
			mainGroup = D2F615A21D1278C100039263;
			productRefGroup = D2F615AC1D1278C100039263 /* Products */;
			projectDirPath = "";
			projectRoot = "";
			targets = (
				D2F615AA1D1278C100039263 /* PXdemo */,
			);
		};
/* End PBXProject section */

/* Begin PBXResourcesBuildPhase section */
		D2F615A91D1278C100039263 /* Resources */ = {
			isa = PBXResourcesBuildPhase;
			buildActionMask = 2147483647;
			files = (
				D2F615B91D1278C100039263 /* LaunchScreen.storyboard in Resources */,
				D2F615B61D1278C100039263 /* Assets.xcassets in Resources */,
				D2F615B41D1278C100039263 /* Main.storyboard in Resources */,
			);
			runOnlyForDeploymentPostprocessing = 0;
		};
/* End PBXResourcesBuildPhase section */

/* Begin PBXSourcesBuildPhase section */
		D2F615A71D1278C100039263 /* Sources */ = {
			isa = PBXSourcesBuildPhase;
			buildActionMask = 2147483647;
			files = (
				D2F615B11D1278C100039263 /* ViewController.swift in Sources */,
				D2F615AF1D1278C100039263 /* AppDelegate.swift in Sources */,
			);
			runOnlyForDeploymentPostprocessing = 0;
		};
/* End PBXSourcesBuildPhase section */

/* Begin PBXVariantGroup section */
		D2F615B21D1278C100039263 /* Main.storyboard */ = {
			isa = PBXVariantGroup;
			children = (
				D2F615B31D1278C100039263 /* Base */,
			);
			name = Main.storyboard;
			sourceTree = "<group>";
		};
		D2F615B71D1278C100039263 /* LaunchScreen.storyboard */ = {
			isa = PBXVariantGroup;
			children = (
				D2F615B81D1278C100039263 /* Base */,
			);
			name = LaunchScreen.storyboard;
			sourceTree = "<group>";
		};
/* End PBXVariantGroup section */

/* Begin XCBuildConfiguration section */
		D2F615BB1D1278C100039263 /* Debug */ = {
			isa = XCBuildConfiguration;
			buildSettings = {
				ALWAYS_SEARCH_USER_PATHS = NO;
				CLANG_ANALYZER_NONNULL = YES;
				CLANG_CXX_LANGUAGE_STANDARD = "gnu++0x";
				CLANG_CXX_LIBRARY = "libc++";
				CLANG_ENABLE_MODULES = YES;
				CLANG_ENABLE_OBJC_ARC = YES;
				CLANG_WARN_BOOL_CONVERSION = YES;
				CLANG_WARN_CONSTANT_CONVERSION = YES;
				CLANG_WARN_DIRECT_OBJC_ISA_USAGE = YES_ERROR;
				CLANG_WARN_EMPTY_BODY = YES;
				CLANG_WARN_ENUM_CONVERSION = YES;
				CLANG_WARN_INT_CONVERSION = YES;
				CLANG_WARN_OBJC_ROOT_CLASS = YES_ERROR;
				CLANG_WARN_UNREACHABLE_CODE = YES;
				CLANG_WARN__DUPLICATE_METHOD_MATCH = YES;
				"CODE_SIGN_IDENTITY[sdk=iphoneos*]" = "iPhone Developer";
				COPY_PHASE_STRIP = NO;
				DEBUG_INFORMATION_FORMAT = dwarf;
				ENABLE_STRICT_OBJC_MSGSEND = YES;
				ENABLE_TESTABILITY = YES;
				GCC_C_LANGUAGE_STANDARD = gnu99;
				GCC_DYNAMIC_NO_PIC = NO;
				GCC_NO_COMMON_BLOCKS = YES;
				GCC_OPTIMIZATION_LEVEL = 0;
				GCC_PREPROCESSOR_DEFINITIONS = (
					"DEBUG=1",
					"$(inherited)",
				);
				GCC_WARN_64_TO_32_BIT_CONVERSION = YES;
				GCC_WARN_ABOUT_RETURN_TYPE = YES_ERROR;
				GCC_WARN_UNDECLARED_SELECTOR = YES;
				GCC_WARN_UNINITIALIZED_AUTOS = YES_AGGRESSIVE;
				GCC_WARN_UNUSED_FUNCTION = YES;
				GCC_WARN_UNUSED_VARIABLE = YES;
				IPHONEOS_DEPLOYMENT_TARGET = 9.3;
				MTL_ENABLE_DEBUG_INFO = YES;
				ONLY_ACTIVE_ARCH = YES;
				SDKROOT = iphoneos;
				SWIFT_OPTIMIZATION_LEVEL = "-Onone";
				TARGETED_DEVICE_FAMILY = "1,2";
			};
			name = Debug;
		};
		D2F615BC1D1278C100039263 /* Release */ = {
			isa = XCBuildConfiguration;
			buildSettings = {
				ALWAYS_SEARCH_USER_PATHS = NO;
				CLANG_ANALYZER_NONNULL = YES;
				CLANG_CXX_LANGUAGE_STANDARD = "gnu++0x";
				CLANG_CXX_LIBRARY = "libc++";
				CLANG_ENABLE_MODULES = YES;
				CLANG_ENABLE_OBJC_ARC = YES;
				CLANG_WARN_BOOL_CONVERSION = YES;
				CLANG_WARN_CONSTANT_CONVERSION = YES;
				CLANG_WARN_DIRECT_OBJC_ISA_USAGE = YES_ERROR;
				CLANG_WARN_EMPTY_BODY = YES;
				CLANG_WARN_ENUM_CONVERSION = YES;
				CLANG_WARN_INT_CONVERSION = YES;
				CLANG_WARN_OBJC_ROOT_CLASS = YES_ERROR;
				CLANG_WARN_UNREACHABLE_CODE = YES;
				CLANG_WARN__DUPLICATE_METHOD_MATCH = YES;
				"CODE_SIGN_IDENTITY[sdk=iphoneos*]" = "iPhone Developer";
				COPY_PHASE_STRIP = NO;
				DEBUG_INFORMATION_FORMAT = "dwarf-with-dsym";
				ENABLE_NS_ASSERTIONS = NO;
				ENABLE_STRICT_OBJC_MSGSEND = YES;
				GCC_C_LANGUAGE_STANDARD = gnu99;
				GCC_NO_COMMON_BLOCKS = YES;
				GCC_WARN_64_TO_32_BIT_CONVERSION = YES;
				GCC_WARN_ABOUT_RETURN_TYPE = YES_ERROR;
				GCC_WARN_UNDECLARED_SELECTOR = YES;
				GCC_WARN_UNINITIALIZED_AUTOS = YES_AGGRESSIVE;
				GCC_WARN_UNUSED_FUNCTION = YES;
				GCC_WARN_UNUSED_VARIABLE = YES;
				IPHONEOS_DEPLOYMENT_TARGET = 9.3;
				MTL_ENABLE_DEBUG_INFO = NO;
				SDKROOT = iphoneos;
				TARGETED_DEVICE_FAMILY = "1,2";
				VALIDATE_PRODUCT = YES;
			};
			name = Release;
		};
		D2F615BE1D1278C100039263 /* Debug */ = {
			isa = XCBuildConfiguration;
			buildSettings = {
				ASSETCATALOG_COMPILER_APPICON_NAME = AppIcon;
				INFOPLIST_FILE = PXdemo/Info.plist;
				LD_RUNPATH_SEARCH_PATHS = "$(inherited) @executable_path/Frameworks";
				PRODUCT_BUNDLE_IDENTIFIER = com.cc.PXdemo;
				PRODUCT_NAME = "$(TARGET_NAME)";
			};
			name = Debug;
		};
		D2F615BF1D1278C100039263 /* Release */ = {
			isa = XCBuildConfiguration;
			buildSettings = {
				ASSETCATALOG_COMPILER_APPICON_NAME = AppIcon;
				INFOPLIST_FILE = PXdemo/Info.plist;
				LD_RUNPATH_SEARCH_PATHS = "$(inherited) @executable_path/Frameworks";
				PRODUCT_BUNDLE_IDENTIFIER = com.cc.PXdemo;
				PRODUCT_NAME = "$(TARGET_NAME)";
			};
			name = Release;
		};
/* End XCBuildConfiguration section */

/* Begin XCConfigurationList section */
		D2F615A61D1278C100039263 /* Build configuration list for PBXProject "PXdemo" */ = {
			isa = XCConfigurationList;
			buildConfigurations = (
				D2F615BB1D1278C100039263 /* Debug */,
				D2F615BC1D1278C100039263 /* Release */,
			);
			defaultConfigurationIsVisible = 0;
			defaultConfigurationName = Release;
		};
		D2F615BD1D1278C100039263 /* Build configuration list for PBXNativeTarget "PXdemo" */ = {
			isa = XCConfigurationList;
			buildConfigurations = (
				D2F615BE1D1278C100039263 /* Debug */,
				D2F615BF1D1278C100039263 /* Release */,
			);
			defaultConfigurationIsVisible = 0;
		};
/* End XCConfigurationList section */
	};
	rootObject = D2F615A31D1278C100039263 /* Project object */;
}
